// !$*UTF8*$!
{
	archiveVersion = 1;
	classes = {
	};
	objectVersion = 51;
	objects = {

/* Begin PBXBuildFile section */
		0A42594A6AF77FC067491A6F /* Pods_parstagramTests.framework in Frameworks */ = {isa = PBXBuildFile; fileRef = D8999C194D03B6D28BD98269 /* Pods_parstagramTests.framework */; };
		D559A36DFE9DEA057BC4E803 /* Pods_parstagram.framework in Frameworks */ = {isa = PBXBuildFile; fileRef = 619B3A3F7385A4A843DFDFD3 /* Pods_parstagram.framework */; };
		DEA7F946C6DA79D8416A56C4 /* Pods_parstagram_parstagramUITests.framework in Frameworks */ = {isa = PBXBuildFile; fileRef = D13C72048530877E47766E65 /* Pods_parstagram_parstagramUITests.framework */; };
		FCC6A6FD237F4B4200CA666F /* AppDelegate.swift in Sources */ = {isa = PBXBuildFile; fileRef = FCC6A6FC237F4B4200CA666F /* AppDelegate.swift */; };
		FCC6A6FF237F4B4200CA666F /* SceneDelegate.swift in Sources */ = {isa = PBXBuildFile; fileRef = FCC6A6FE237F4B4200CA666F /* SceneDelegate.swift */; };
		FCC6A704237F4B4200CA666F /* Main.storyboard in Resources */ = {isa = PBXBuildFile; fileRef = FCC6A702237F4B4200CA666F /* Main.storyboard */; };
		FCC6A706237F4B4500CA666F /* Assets.xcassets in Resources */ = {isa = PBXBuildFile; fileRef = FCC6A705237F4B4500CA666F /* Assets.xcassets */; };
		FCC6A709237F4B4500CA666F /* LaunchScreen.storyboard in Resources */ = {isa = PBXBuildFile; fileRef = FCC6A707237F4B4500CA666F /* LaunchScreen.storyboard */; };
		FCC6A714237F4B4500CA666F /* parstagramTests.swift in Sources */ = {isa = PBXBuildFile; fileRef = FCC6A713237F4B4500CA666F /* parstagramTests.swift */; };
		FCC6A71F237F4B4500CA666F /* parstagramUITests.swift in Sources */ = {isa = PBXBuildFile; fileRef = FCC6A71E237F4B4500CA666F /* parstagramUITests.swift */; };
		FCC6A731237F51DB00CA666F /* LoginViewController.swift in Sources */ = {isa = PBXBuildFile; fileRef = FCC6A730237F51DB00CA666F /* LoginViewController.swift */; };
		FCC6A733237F51E200CA666F /* FeedViewController.swift in Sources */ = {isa = PBXBuildFile; fileRef = FCC6A732237F51E200CA666F /* FeedViewController.swift */; };
/* End PBXBuildFile section */

/* Begin PBXContainerItemProxy section */
		FCC6A710237F4B4500CA666F /* PBXContainerItemProxy */ = {
			isa = PBXContainerItemProxy;
			containerPortal = FCC6A6F1237F4B4200CA666F /* Project object */;
			proxyType = 1;
			remoteGlobalIDString = FCC6A6F8237F4B4200CA666F;
			remoteInfo = parstagram;
		};
		FCC6A71B237F4B4500CA666F /* PBXContainerItemProxy */ = {
			isa = PBXContainerItemProxy;
			containerPortal = FCC6A6F1237F4B4200CA666F /* Project object */;
			proxyType = 1;
			remoteGlobalIDString = FCC6A6F8237F4B4200CA666F;
			remoteInfo = parstagram;
		};
/* End PBXContainerItemProxy section */

/* Begin PBXFileReference section */
		619B3A3F7385A4A843DFDFD3 /* Pods_parstagram.framework */ = {isa = PBXFileReference; explicitFileType = wrapper.framework; includeInIndex = 0; path = Pods_parstagram.framework; sourceTree = BUILT_PRODUCTS_DIR; };
		8679A140ADE69465E26389E0 /* Pods-parstagram-parstagramUITests.release.xcconfig */ = {isa = PBXFileReference; includeInIndex = 1; lastKnownFileType = text.xcconfig; name = "Pods-parstagram-parstagramUITests.release.xcconfig"; path = "Target Support Files/Pods-parstagram-parstagramUITests/Pods-parstagram-parstagramUITests.release.xcconfig"; sourceTree = "<group>"; };
		98A74DA9E12F975B934DD851 /* Pods-parstagramTests.debug.xcconfig */ = {isa = PBXFileReference; includeInIndex = 1; lastKnownFileType = text.xcconfig; name = "Pods-parstagramTests.debug.xcconfig"; path = "Target Support Files/Pods-parstagramTests/Pods-parstagramTests.debug.xcconfig"; sourceTree = "<group>"; };
		A7F0051C44CFFE2943A6AA26 /* Pods-parstagramTests.release.xcconfig */ = {isa = PBXFileReference; includeInIndex = 1; lastKnownFileType = text.xcconfig; name = "Pods-parstagramTests.release.xcconfig"; path = "Target Support Files/Pods-parstagramTests/Pods-parstagramTests.release.xcconfig"; sourceTree = "<group>"; };
		B31FD277E24FB47DEA5F3CD8 /* Pods-parstagram.release.xcconfig */ = {isa = PBXFileReference; includeInIndex = 1; lastKnownFileType = text.xcconfig; name = "Pods-parstagram.release.xcconfig"; path = "Target Support Files/Pods-parstagram/Pods-parstagram.release.xcconfig"; sourceTree = "<group>"; };
		D13C72048530877E47766E65 /* Pods_parstagram_parstagramUITests.framework */ = {isa = PBXFileReference; explicitFileType = wrapper.framework; includeInIndex = 0; path = Pods_parstagram_parstagramUITests.framework; sourceTree = BUILT_PRODUCTS_DIR; };
		D5DF2B9FBE41FACEFC7F623D /* Pods-parstagram.debug.xcconfig */ = {isa = PBXFileReference; includeInIndex = 1; lastKnownFileType = text.xcconfig; name = "Pods-parstagram.debug.xcconfig"; path = "Target Support Files/Pods-parstagram/Pods-parstagram.debug.xcconfig"; sourceTree = "<group>"; };
		D7EF578A0E1B36D67C044357 /* Pods-parstagram-parstagramUITests.debug.xcconfig */ = {isa = PBXFileReference; includeInIndex = 1; lastKnownFileType = text.xcconfig; name = "Pods-parstagram-parstagramUITests.debug.xcconfig"; path = "Target Support Files/Pods-parstagram-parstagramUITests/Pods-parstagram-parstagramUITests.debug.xcconfig"; sourceTree = "<group>"; };
		D8999C194D03B6D28BD98269 /* Pods_parstagramTests.framework */ = {isa = PBXFileReference; explicitFileType = wrapper.framework; includeInIndex = 0; path = Pods_parstagramTests.framework; sourceTree = BUILT_PRODUCTS_DIR; };
		FCC6A6F9237F4B4200CA666F /* parstagram.app */ = {isa = PBXFileReference; explicitFileType = wrapper.application; includeInIndex = 0; path = parstagram.app; sourceTree = BUILT_PRODUCTS_DIR; };
		FCC6A6FC237F4B4200CA666F /* AppDelegate.swift */ = {isa = PBXFileReference; lastKnownFileType = sourcecode.swift; path = AppDelegate.swift; sourceTree = "<group>"; };
		FCC6A6FE237F4B4200CA666F /* SceneDelegate.swift */ = {isa = PBXFileReference; lastKnownFileType = sourcecode.swift; path = SceneDelegate.swift; sourceTree = "<group>"; };
		FCC6A703237F4B4200CA666F /* Base */ = {isa = PBXFileReference; lastKnownFileType = file.storyboard; name = Base; path = Base.lproj/Main.storyboard; sourceTree = "<group>"; };
		FCC6A705237F4B4500CA666F /* Assets.xcassets */ = {isa = PBXFileReference; lastKnownFileType = folder.assetcatalog; path = Assets.xcassets; sourceTree = "<group>"; };
		FCC6A708237F4B4500CA666F /* Base */ = {isa = PBXFileReference; lastKnownFileType = file.storyboard; name = Base; path = Base.lproj/LaunchScreen.storyboard; sourceTree = "<group>"; };
		FCC6A70A237F4B4500CA666F /* Info.plist */ = {isa = PBXFileReference; lastKnownFileType = text.plist.xml; path = Info.plist; sourceTree = "<group>"; };
		FCC6A70F237F4B4500CA666F /* parstagramTests.xctest */ = {isa = PBXFileReference; explicitFileType = wrapper.cfbundle; includeInIndex = 0; path = parstagramTests.xctest; sourceTree = BUILT_PRODUCTS_DIR; };
		FCC6A713237F4B4500CA666F /* parstagramTests.swift */ = {isa = PBXFileReference; lastKnownFileType = sourcecode.swift; path = parstagramTests.swift; sourceTree = "<group>"; };
		FCC6A715237F4B4500CA666F /* Info.plist */ = {isa = PBXFileReference; lastKnownFileType = text.plist.xml; path = Info.plist; sourceTree = "<group>"; };
		FCC6A71A237F4B4500CA666F /* parstagramUITests.xctest */ = {isa = PBXFileReference; explicitFileType = wrapper.cfbundle; includeInIndex = 0; path = parstagramUITests.xctest; sourceTree = BUILT_PRODUCTS_DIR; };
		FCC6A71E237F4B4500CA666F /* parstagramUITests.swift */ = {isa = PBXFileReference; lastKnownFileType = sourcecode.swift; path = parstagramUITests.swift; sourceTree = "<group>"; };
		FCC6A720237F4B4500CA666F /* Info.plist */ = {isa = PBXFileReference; lastKnownFileType = text.plist.xml; path = Info.plist; sourceTree = "<group>"; };
		FCC6A730237F51DB00CA666F /* LoginViewController.swift */ = {isa = PBXFileReference; lastKnownFileType = sourcecode.swift; path = LoginViewController.swift; sourceTree = "<group>"; };
		FCC6A732237F51E200CA666F /* FeedViewController.swift */ = {isa = PBXFileReference; lastKnownFileType = sourcecode.swift; path = FeedViewController.swift; sourceTree = "<group>"; };
/* End PBXFileReference section */

/* Begin PBXFrameworksBuildPhase section */
		FCC6A6F6237F4B4200CA666F /* Frameworks */ = {
			isa = PBXFrameworksBuildPhase;
			buildActionMask = 2147483647;
			files = (
				D559A36DFE9DEA057BC4E803 /* Pods_parstagram.framework in Frameworks */,
			);
			runOnlyForDeploymentPostprocessing = 0;
		};
		FCC6A70C237F4B4500CA666F /* Frameworks */ = {
			isa = PBXFrameworksBuildPhase;
			buildActionMask = 2147483647;
			files = (
				0A42594A6AF77FC067491A6F /* Pods_parstagramTests.framework in Frameworks */,
			);
			runOnlyForDeploymentPostprocessing = 0;
		};
		FCC6A717237F4B4500CA666F /* Frameworks */ = {
			isa = PBXFrameworksBuildPhase;
			buildActionMask = 2147483647;
			files = (
				DEA7F946C6DA79D8416A56C4 /* Pods_parstagram_parstagramUITests.framework in Frameworks */,
			);
			runOnlyForDeploymentPostprocessing = 0;
		};
/* End PBXFrameworksBuildPhase section */

/* Begin PBXGroup section */
		118CC70B76DEE92FCADD7A8A /* Frameworks */ = {
			isa = PBXGroup;
			children = (
				619B3A3F7385A4A843DFDFD3 /* Pods_parstagram.framework */,
				D13C72048530877E47766E65 /* Pods_parstagram_parstagramUITests.framework */,
				D8999C194D03B6D28BD98269 /* Pods_parstagramTests.framework */,
			);
			name = Frameworks;
			sourceTree = "<group>";
		};
		6922427F17EC0E0CAA2C5DA4 /* Pods */ = {
			isa = PBXGroup;
			children = (
				D5DF2B9FBE41FACEFC7F623D /* Pods-parstagram.debug.xcconfig */,
				B31FD277E24FB47DEA5F3CD8 /* Pods-parstagram.release.xcconfig */,
				D7EF578A0E1B36D67C044357 /* Pods-parstagram-parstagramUITests.debug.xcconfig */,
				8679A140ADE69465E26389E0 /* Pods-parstagram-parstagramUITests.release.xcconfig */,
				98A74DA9E12F975B934DD851 /* Pods-parstagramTests.debug.xcconfig */,
				A7F0051C44CFFE2943A6AA26 /* Pods-parstagramTests.release.xcconfig */,
			);
			path = Pods;
			sourceTree = "<group>";
		};
		FCC6A6F0237F4B4200CA666F = {
			isa = PBXGroup;
			children = (
				FCC6A6FB237F4B4200CA666F /* parstagram */,
				FCC6A712237F4B4500CA666F /* parstagramTests */,
				FCC6A71D237F4B4500CA666F /* parstagramUITests */,
				FCC6A6FA237F4B4200CA666F /* Products */,
				6922427F17EC0E0CAA2C5DA4 /* Pods */,
				118CC70B76DEE92FCADD7A8A /* Frameworks */,
			);
			sourceTree = "<group>";
		};
		FCC6A6FA237F4B4200CA666F /* Products */ = {
			isa = PBXGroup;
			children = (
				FCC6A6F9237F4B4200CA666F /* parstagram.app */,
				FCC6A70F237F4B4500CA666F /* parstagramTests.xctest */,
				FCC6A71A237F4B4500CA666F /* parstagramUITests.xctest */,
			);
			name = Products;
			sourceTree = "<group>";
		};
		FCC6A6FB237F4B4200CA666F /* parstagram */ = {
			isa = PBXGroup;
			children = (
				FCC6A6FC237F4B4200CA666F /* AppDelegate.swift */,
				FCC6A6FE237F4B4200CA666F /* SceneDelegate.swift */,
				FCC6A702237F4B4200CA666F /* Main.storyboard */,
				FCC6A705237F4B4500CA666F /* Assets.xcassets */,
				FCC6A707237F4B4500CA666F /* LaunchScreen.storyboard */,
				FCC6A70A237F4B4500CA666F /* Info.plist */,
				FCC6A730237F51DB00CA666F /* LoginViewController.swift */,
				FCC6A732237F51E200CA666F /* FeedViewController.swift */,
			);
			path = parstagram;
			sourceTree = "<group>";
		};
		FCC6A712237F4B4500CA666F /* parstagramTests */ = {
			isa = PBXGroup;
			children = (
				FCC6A713237F4B4500CA666F /* parstagramTests.swift */,
				FCC6A715237F4B4500CA666F /* Info.plist */,
			);
			path = parstagramTests;
			sourceTree = "<group>";
		};
		FCC6A71D237F4B4500CA666F /* parstagramUITests */ = {
			isa = PBXGroup;
			children = (
				FCC6A71E237F4B4500CA666F /* parstagramUITests.swift */,
				FCC6A720237F4B4500CA666F /* Info.plist */,
			);
			path = parstagramUITests;
			sourceTree = "<group>";
		};
/* End PBXGroup section */

/* Begin PBXNativeTarget section */
		FCC6A6F8237F4B4200CA666F /* parstagram */ = {
			isa = PBXNativeTarget;
			buildConfigurationList = FCC6A723237F4B4500CA666F /* Build configuration list for PBXNativeTarget "parstagram" */;
			buildPhases = (
				E37743BE3A909C07E337A90D /* [CP] Check Pods Manifest.lock */,
				FCC6A6F5237F4B4200CA666F /* Sources */,
				FCC6A6F6237F4B4200CA666F /* Frameworks */,
				FCC6A6F7237F4B4200CA666F /* Resources */,
				EF9BCFDD1FE31DF7E6868EED /* [CP] Embed Pods Frameworks */,
			);
			buildRules = (
			);
			dependencies = (
			);
			name = parstagram;
			productName = parstagram;
			productReference = FCC6A6F9237F4B4200CA666F /* parstagram.app */;
			productType = "com.apple.product-type.application";
		};
		FCC6A70E237F4B4500CA666F /* parstagramTests */ = {
			isa = PBXNativeTarget;
			buildConfigurationList = FCC6A726237F4B4500CA666F /* Build configuration list for PBXNativeTarget "parstagramTests" */;
			buildPhases = (
				20E412A4409FA9E67711B4BC /* [CP] Check Pods Manifest.lock */,
				FCC6A70B237F4B4500CA666F /* Sources */,
				FCC6A70C237F4B4500CA666F /* Frameworks */,
				FCC6A70D237F4B4500CA666F /* Resources */,
			);
			buildRules = (
			);
			dependencies = (
				FCC6A711237F4B4500CA666F /* PBXTargetDependency */,
			);
			name = parstagramTests;
			productName = parstagramTests;
			productReference = FCC6A70F237F4B4500CA666F /* parstagramTests.xctest */;
			productType = "com.apple.product-type.bundle.unit-test";
		};
		FCC6A719237F4B4500CA666F /* parstagramUITests */ = {
			isa = PBXNativeTarget;
			buildConfigurationList = FCC6A729237F4B4500CA666F /* Build configuration list for PBXNativeTarget "parstagramUITests" */;
			buildPhases = (
				983B0CBC7B39451F545135F3 /* [CP] Check Pods Manifest.lock */,
				FCC6A716237F4B4500CA666F /* Sources */,
				FCC6A717237F4B4500CA666F /* Frameworks */,
				FCC6A718237F4B4500CA666F /* Resources */,
				B901FACC5B8544081AB942D8 /* [CP] Embed Pods Frameworks */,
			);
			buildRules = (
			);
			dependencies = (
				FCC6A71C237F4B4500CA666F /* PBXTargetDependency */,
			);
			name = parstagramUITests;
			productName = parstagramUITests;
			productReference = FCC6A71A237F4B4500CA666F /* parstagramUITests.xctest */;
			productType = "com.apple.product-type.bundle.ui-testing";
		};
/* End PBXNativeTarget section */

/* Begin PBXProject section */
		FCC6A6F1237F4B4200CA666F /* Project object */ = {
			isa = PBXProject;
			attributes = {
				LastSwiftUpdateCheck = 1120;
				LastUpgradeCheck = 1120;
				ORGANIZATIONNAME = "Samantha Eng";
				TargetAttributes = {
					FCC6A6F8237F4B4200CA666F = {
						CreatedOnToolsVersion = 11.2.1;
					};
					FCC6A70E237F4B4500CA666F = {
						CreatedOnToolsVersion = 11.2.1;
						TestTargetID = FCC6A6F8237F4B4200CA666F;
					};
					FCC6A719237F4B4500CA666F = {
						CreatedOnToolsVersion = 11.2.1;
						TestTargetID = FCC6A6F8237F4B4200CA666F;
					};
				};
			};
			buildConfigurationList = FCC6A6F4237F4B4200CA666F /* Build configuration list for PBXProject "parstagram" */;
			compatibilityVersion = "Xcode 9.3";
			developmentRegion = en;
			hasScannedForEncodings = 0;
			knownRegions = (
				en,
				Base,
			);
			mainGroup = FCC6A6F0237F4B4200CA666F;
			productRefGroup = FCC6A6FA237F4B4200CA666F /* Products */;
			projectDirPath = "";
			projectRoot = "";
			targets = (
				FCC6A6F8237F4B4200CA666F /* parstagram */,
				FCC6A70E237F4B4500CA666F /* parstagramTests */,
				FCC6A719237F4B4500CA666F /* parstagramUITests */,
			);
		};
/* End PBXProject section */

/* Begin PBXResourcesBuildPhase section */
		FCC6A6F7237F4B4200CA666F /* Resources */ = {
			isa = PBXResourcesBuildPhase;
			buildActionMask = 2147483647;
			files = (
				FCC6A709237F4B4500CA666F /* LaunchScreen.storyboard in Resources */,
				FCC6A706237F4B4500CA666F /* Assets.xcassets in Resources */,
				FCC6A704237F4B4200CA666F /* Main.storyboard in Resources */,
			);
			runOnlyForDeploymentPostprocessing = 0;
		};
		FCC6A70D237F4B4500CA666F /* Resources */ = {
			isa = PBXResourcesBuildPhase;
			buildActionMask = 2147483647;
			files = (
			);
			runOnlyForDeploymentPostprocessing = 0;
		};
		FCC6A718237F4B4500CA666F /* Resources */ = {
			isa = PBXResourcesBuildPhase;
			buildActionMask = 2147483647;
			files = (
			);
			runOnlyForDeploymentPostprocessing = 0;
		};
/* End PBXResourcesBuildPhase section */

/* Begin PBXShellScriptBuildPhase section */
		20E412A4409FA9E67711B4BC /* [CP] Check Pods Manifest.lock */ = {
			isa = PBXShellScriptBuildPhase;
			buildActionMask = 2147483647;
			files = (
			);
			inputFileListPaths = (
			);
			inputPaths = (
				"${PODS_PODFILE_DIR_PATH}/Podfile.lock",
				"${PODS_ROOT}/Manifest.lock",
			);
			name = "[CP] Check Pods Manifest.lock";
			outputFileListPaths = (
			);
			outputPaths = (
				"$(DERIVED_FILE_DIR)/Pods-parstagramTests-checkManifestLockResult.txt",
			);
			runOnlyForDeploymentPostprocessing = 0;
			shellPath = /bin/sh;
			shellScript = "diff \"${PODS_PODFILE_DIR_PATH}/Podfile.lock\" \"${PODS_ROOT}/Manifest.lock\" > /dev/null\nif [ $? != 0 ] ; then\n    # print error to STDERR\n    echo \"error: The sandbox is not in sync with the Podfile.lock. Run 'pod install' or update your CocoaPods installation.\" >&2\n    exit 1\nfi\n# This output is used by Xcode 'outputs' to avoid re-running this script phase.\necho \"SUCCESS\" > \"${SCRIPT_OUTPUT_FILE_0}\"\n";
			showEnvVarsInLog = 0;
		};
		983B0CBC7B39451F545135F3 /* [CP] Check Pods Manifest.lock */ = {
			isa = PBXShellScriptBuildPhase;
			buildActionMask = 2147483647;
			files = (
			);
			inputFileListPaths = (
			);
			inputPaths = (
				"${PODS_PODFILE_DIR_PATH}/Podfile.lock",
				"${PODS_ROOT}/Manifest.lock",
			);
			name = "[CP] Check Pods Manifest.lock";
			outputFileListPaths = (
			);
			outputPaths = (
				"$(DERIVED_FILE_DIR)/Pods-parstagram-parstagramUITests-checkManifestLockResult.txt",
			);
			runOnlyForDeploymentPostprocessing = 0;
			shellPath = /bin/sh;
			shellScript = "diff \"${PODS_PODFILE_DIR_PATH}/Podfile.lock\" \"${PODS_ROOT}/Manifest.lock\" > /dev/null\nif [ $? != 0 ] ; then\n    # print error to STDERR\n    echo \"error: The sandbox is not in sync with the Podfile.lock. Run 'pod install' or update your CocoaPods installation.\" >&2\n    exit 1\nfi\n# This output is used by Xcode 'outputs' to avoid re-running this script phase.\necho \"SUCCESS\" > \"${SCRIPT_OUTPUT_FILE_0}\"\n";
			showEnvVarsInLog = 0;
		};
		B901FACC5B8544081AB942D8 /* [CP] Embed Pods Frameworks */ = {
			isa = PBXShellScriptBuildPhase;
			buildActionMask = 2147483647;
			files = (
			);
			inputFileListPaths = (
				"${PODS_ROOT}/Target Support Files/Pods-parstagram-parstagramUITests/Pods-parstagram-parstagramUITests-frameworks-${CONFIGURATION}-input-files.xcfilelist",
			);
			name = "[CP] Embed Pods Frameworks";
			outputFileListPaths = (
				"${PODS_ROOT}/Target Support Files/Pods-parstagram-parstagramUITests/Pods-parstagram-parstagramUITests-frameworks-${CONFIGURATION}-output-files.xcfilelist",
			);
			runOnlyForDeploymentPostprocessing = 0;
			shellPath = /bin/sh;
			shellScript = "\"${PODS_ROOT}/Target Support Files/Pods-parstagram-parstagramUITests/Pods-parstagram-parstagramUITests-frameworks.sh\"\n";
			showEnvVarsInLog = 0;
		};
		E37743BE3A909C07E337A90D /* [CP] Check Pods Manifest.lock */ = {
			isa = PBXShellScriptBuildPhase;
			buildActionMask = 2147483647;
			files = (
			);
			inputFileListPaths = (
			);
			inputPaths = (
				"${PODS_PODFILE_DIR_PATH}/Podfile.lock",
				"${PODS_ROOT}/Manifest.lock",
			);
			name = "[CP] Check Pods Manifest.lock";
			outputFileListPaths = (
			);
			outputPaths = (
				"$(DERIVED_FILE_DIR)/Pods-parstagram-checkManifestLockResult.txt",
			);
			runOnlyForDeploymentPostprocessing = 0;
			shellPath = /bin/sh;
			shellScript = "diff \"${PODS_PODFILE_DIR_PATH}/Podfile.lock\" \"${PODS_ROOT}/Manifest.lock\" > /dev/null\nif [ $? != 0 ] ; then\n    # print error to STDERR\n    echo \"error: The sandbox is not in sync with the Podfile.lock. Run 'pod install' or update your CocoaPods installation.\" >&2\n    exit 1\nfi\n# This output is used by Xcode 'outputs' to avoid re-running this script phase.\necho \"SUCCESS\" > \"${SCRIPT_OUTPUT_FILE_0}\"\n";
			showEnvVarsInLog = 0;
		};
		EF9BCFDD1FE31DF7E6868EED /* [CP] Embed Pods Frameworks */ = {
			isa = PBXShellScriptBuildPhase;
			buildActionMask = 2147483647;
			files = (
			);
			inputFileListPaths = (
				"${PODS_ROOT}/Target Support Files/Pods-parstagram/Pods-parstagram-frameworks-${CONFIGURATION}-input-files.xcfilelist",
			);
			name = "[CP] Embed Pods Frameworks";
			outputFileListPaths = (
				"${PODS_ROOT}/Target Support Files/Pods-parstagram/Pods-parstagram-frameworks-${CONFIGURATION}-output-files.xcfilelist",
			);
			runOnlyForDeploymentPostprocessing = 0;
			shellPath = /bin/sh;
			shellScript = "\"${PODS_ROOT}/Target Support Files/Pods-parstagram/Pods-parstagram-frameworks.sh\"\n";
			showEnvVarsInLog = 0;
		};
/* End PBXShellScriptBuildPhase section */

/* Begin PBXSourcesBuildPhase section */
		FCC6A6F5237F4B4200CA666F /* Sources */ = {
			isa = PBXSourcesBuildPhase;
			buildActionMask = 2147483647;
			files = (
				FCC6A731237F51DB00CA666F /* LoginViewController.swift in Sources */,
				FCC6A6FD237F4B4200CA666F /* AppDelegate.swift in Sources */,
				FCC6A733237F51E200CA666F /* FeedViewController.swift in Sources */,
				FCC6A6FF237F4B4200CA666F /* SceneDelegate.swift in Sources */,
			);
			runOnlyForDeploymentPostprocessing = 0;
		};
		FCC6A70B237F4B4500CA666F /* Sources */ = {
			isa = PBXSourcesBuildPhase;
			buildActionMask = 2147483647;
			files = (
				FCC6A714237F4B4500CA666F /* parstagramTests.swift in Sources */,
			);
			runOnlyForDeploymentPostprocessing = 0;
		};
		FCC6A716237F4B4500CA666F /* Sources */ = {
			isa = PBXSourcesBuildPhase;
			buildActionMask = 2147483647;
			files = (
				FCC6A71F237F4B4500CA666F /* parstagramUITests.swift in Sources */,
			);
			runOnlyForDeploymentPostprocessing = 0;
		};
/* End PBXSourcesBuildPhase section */

/* Begin PBXTargetDependency section */
		FCC6A711237F4B4500CA666F /* PBXTargetDependency */ = {
			isa = PBXTargetDependency;
			target = FCC6A6F8237F4B4200CA666F /* parstagram */;
			targetProxy = FCC6A710237F4B4500CA666F /* PBXContainerItemProxy */;
		};
		FCC6A71C237F4B4500CA666F /* PBXTargetDependency */ = {
			isa = PBXTargetDependency;
			target = FCC6A6F8237F4B4200CA666F /* parstagram */;
			targetProxy = FCC6A71B237F4B4500CA666F /* PBXContainerItemProxy */;
		};
/* End PBXTargetDependency section */

/* Begin PBXVariantGroup section */
		FCC6A702237F4B4200CA666F /* Main.storyboard */ = {
			isa = PBXVariantGroup;
			children = (
				FCC6A703237F4B4200CA666F /* Base */,
			);
			name = Main.storyboard;
			sourceTree = "<group>";
		};
		FCC6A707237F4B4500CA666F /* LaunchScreen.storyboard */ = {
			isa = PBXVariantGroup;
			children = (
				FCC6A708237F4B4500CA666F /* Base */,
			);
			name = LaunchScreen.storyboard;
			sourceTree = "<group>";
		};
/* End PBXVariantGroup section */

/* Begin XCBuildConfiguration section */
		FCC6A721237F4B4500CA666F /* Debug */ = {
			isa = XCBuildConfiguration;
			buildSettings = {
				ALWAYS_SEARCH_USER_PATHS = NO;
				CLANG_ANALYZER_NONNULL = YES;
				CLANG_ANALYZER_NUMBER_OBJECT_CONVERSION = YES_AGGRESSIVE;
				CLANG_CXX_LANGUAGE_STANDARD = "gnu++14";
				CLANG_CXX_LIBRARY = "libc++";
				CLANG_ENABLE_MODULES = YES;
				CLANG_ENABLE_OBJC_ARC = YES;
				CLANG_ENABLE_OBJC_WEAK = YES;
				CLANG_WARN_BLOCK_CAPTURE_AUTORELEASING = YES;
				CLANG_WARN_BOOL_CONVERSION = YES;
				CLANG_WARN_COMMA = YES;
				CLANG_WARN_CONSTANT_CONVERSION = YES;
				CLANG_WARN_DEPRECATED_OBJC_IMPLEMENTATIONS = YES;
				CLANG_WARN_DIRECT_OBJC_ISA_USAGE = YES_ERROR;
				CLANG_WARN_DOCUMENTATION_COMMENTS = YES;
				CLANG_WARN_EMPTY_BODY = YES;
				CLANG_WARN_ENUM_CONVERSION = YES;
				CLANG_WARN_INFINITE_RECURSION = YES;
				CLANG_WARN_INT_CONVERSION = YES;
				CLANG_WARN_NON_LITERAL_NULL_CONVERSION = YES;
				CLANG_WARN_OBJC_IMPLICIT_RETAIN_SELF = YES;
				CLANG_WARN_OBJC_LITERAL_CONVERSION = YES;
				CLANG_WARN_OBJC_ROOT_CLASS = YES_ERROR;
				CLANG_WARN_RANGE_LOOP_ANALYSIS = YES;
				CLANG_WARN_STRICT_PROTOTYPES = YES;
				CLANG_WARN_SUSPICIOUS_MOVE = YES;
				CLANG_WARN_UNGUARDED_AVAILABILITY = YES_AGGRESSIVE;
				CLANG_WARN_UNREACHABLE_CODE = YES;
				CLANG_WARN__DUPLICATE_METHOD_MATCH = YES;
				COPY_PHASE_STRIP = NO;
				DEBUG_INFORMATION_FORMAT = dwarf;
				ENABLE_STRICT_OBJC_MSGSEND = YES;
				ENABLE_TESTABILITY = YES;
				GCC_C_LANGUAGE_STANDARD = gnu11;
				GCC_DYNAMIC_NO_PIC = NO;
				GCC_NO_COMMON_BLOCKS = YES;
				GCC_OPTIMIZATION_LEVEL = 0;
				GCC_PREPROCESSOR_DEFINITIONS = (
					"DEBUG=1",
					"$(inherited)",
				);
				GCC_WARN_64_TO_32_BIT_CONVERSION = YES;
				GCC_WARN_ABOUT_RETURN_TYPE = YES_ERROR;
				GCC_WARN_UNDECLARED_SELECTOR = YES;
				GCC_WARN_UNINITIALIZED_AUTOS = YES_AGGRESSIVE;
				GCC_WARN_UNUSED_FUNCTION = YES;
				GCC_WARN_UNUSED_VARIABLE = YES;
				IPHONEOS_DEPLOYMENT_TARGET = 13.2;
				MTL_ENABLE_DEBUG_INFO = INCLUDE_SOURCE;
				MTL_FAST_MATH = YES;
				ONLY_ACTIVE_ARCH = YES;
				SDKROOT = iphoneos;
				SWIFT_ACTIVE_COMPILATION_CONDITIONS = DEBUG;
				SWIFT_OPTIMIZATION_LEVEL = "-Onone";
			};
			name = Debug;
		};
		FCC6A722237F4B4500CA666F /* Release */ = {
			isa = XCBuildConfiguration;
			buildSettings = {
				ALWAYS_SEARCH_USER_PATHS = NO;
				CLANG_ANALYZER_NONNULL = YES;
				CLANG_ANALYZER_NUMBER_OBJECT_CONVERSION = YES_AGGRESSIVE;
				CLANG_CXX_LANGUAGE_STANDARD = "gnu++14";
				CLANG_CXX_LIBRARY = "libc++";
				CLANG_ENABLE_MODULES = YES;
				CLANG_ENABLE_OBJC_ARC = YES;
				CLANG_ENABLE_OBJC_WEAK = YES;
				CLANG_WARN_BLOCK_CAPTURE_AUTORELEASING = YES;
				CLANG_WARN_BOOL_CONVERSION = YES;
				CLANG_WARN_COMMA = YES;
				CLANG_WARN_CONSTANT_CONVERSION = YES;
				CLANG_WARN_DEPRECATED_OBJC_IMPLEMENTATIONS = YES;
				CLANG_WARN_DIRECT_OBJC_ISA_USAGE = YES_ERROR;
				CLANG_WARN_DOCUMENTATION_COMMENTS = YES;
				CLANG_WARN_EMPTY_BODY = YES;
				CLANG_WARN_ENUM_CONVERSION = YES;
				CLANG_WARN_INFINITE_RECURSION = YES;
				CLANG_WARN_INT_CONVERSION = YES;
				CLANG_WARN_NON_LITERAL_NULL_CONVERSION = YES;
				CLANG_WARN_OBJC_IMPLICIT_RETAIN_SELF = YES;
				CLANG_WARN_OBJC_LITERAL_CONVERSION = YES;
				CLANG_WARN_OBJC_ROOT_CLASS = YES_ERROR;
				CLANG_WARN_RANGE_LOOP_ANALYSIS = YES;
				CLANG_WARN_STRICT_PROTOTYPES = YES;
				CLANG_WARN_SUSPICIOUS_MOVE = YES;
				CLANG_WARN_UNGUARDED_AVAILABILITY = YES_AGGRESSIVE;
				CLANG_WARN_UNREACHABLE_CODE = YES;
				CLANG_WARN__DUPLICATE_METHOD_MATCH = YES;
				COPY_PHASE_STRIP = NO;
				DEBUG_INFORMATION_FORMAT = "dwarf-with-dsym";
				ENABLE_NS_ASSERTIONS = NO;
				ENABLE_STRICT_OBJC_MSGSEND = YES;
				GCC_C_LANGUAGE_STANDARD = gnu11;
				GCC_NO_COMMON_BLOCKS = YES;
				GCC_WARN_64_TO_32_BIT_CONVERSION = YES;
				GCC_WARN_ABOUT_RETURN_TYPE = YES_ERROR;
				GCC_WARN_UNDECLARED_SELECTOR = YES;
				GCC_WARN_UNINITIALIZED_AUTOS = YES_AGGRESSIVE;
				GCC_WARN_UNUSED_FUNCTION = YES;
				GCC_WARN_UNUSED_VARIABLE = YES;
				IPHONEOS_DEPLOYMENT_TARGET = 13.2;
				MTL_ENABLE_DEBUG_INFO = NO;
				MTL_FAST_MATH = YES;
				SDKROOT = iphoneos;
				SWIFT_COMPILATION_MODE = wholemodule;
				SWIFT_OPTIMIZATION_LEVEL = "-O";
				VALIDATE_PRODUCT = YES;
			};
			name = Release;
		};
		FCC6A724237F4B4500CA666F /* Debug */ = {
			isa = XCBuildConfiguration;
			baseConfigurationReference = D5DF2B9FBE41FACEFC7F623D /* Pods-parstagram.debug.xcconfig */;
			buildSettings = {
				ASSETCATALOG_COMPILER_APPICON_NAME = AppIcon;
				CODE_SIGN_STYLE = Automatic;
				INFOPLIST_FILE = parstagram/Info.plist;
				LD_RUNPATH_SEARCH_PATHS = (
					"$(inherited)",
					"@executable_path/Frameworks",
				);
				PRODUCT_BUNDLE_IDENTIFIER = com.sam.parstagram;
				PRODUCT_NAME = "$(TARGET_NAME)";
				SWIFT_VERSION = 5.0;
				TARGETED_DEVICE_FAMILY = "1,2";
			};
			name = Debug;
		};
		FCC6A725237F4B4500CA666F /* Release */ = {
			isa = XCBuildConfiguration;
			baseConfigurationReference = B31FD277E24FB47DEA5F3CD8 /* Pods-parstagram.release.xcconfig */;
			buildSettings = {
				ASSETCATALOG_COMPILER_APPICON_NAME = AppIcon;
				CODE_SIGN_STYLE = Automatic;
				INFOPLIST_FILE = parstagram/Info.plist;
				LD_RUNPATH_SEARCH_PATHS = (
					"$(inherited)",
					"@executable_path/Frameworks",
				);
				PRODUCT_BUNDLE_IDENTIFIER = com.sam.parstagram;
				PRODUCT_NAME = "$(TARGET_NAME)";
				SWIFT_VERSION = 5.0;
				TARGETED_DEVICE_FAMILY = "1,2";
			};
			name = Release;
		};
		FCC6A727237F4B4500CA666F /* Debug */ = {
			isa = XCBuildConfiguration;
			baseConfigurationReference = 98A74DA9E12F975B934DD851 /* Pods-parstagramTests.debug.xcconfig */;
			buildSettings = {
				ALWAYS_EMBED_SWIFT_STANDARD_LIBRARIES = YES;
				BUNDLE_LOADER = "$(TEST_HOST)";
				CODE_SIGN_STYLE = Automatic;
				INFOPLIST_FILE = parstagramTests/Info.plist;
				IPHONEOS_DEPLOYMENT_TARGET = 13.2;
				LD_RUNPATH_SEARCH_PATHS = (
					"$(inherited)",
					"@executable_path/Frameworks",
					"@loader_path/Frameworks",
				);
				PRODUCT_BUNDLE_IDENTIFIER = com.sam.parstagramTests;
				PRODUCT_NAME = "$(TARGET_NAME)";
				SWIFT_VERSION = 5.0;
				TARGETED_DEVICE_FAMILY = "1,2";
				TEST_HOST = "$(BUILT_PRODUCTS_DIR)/parstagram.app/parstagram";
			};
			name = Debug;
		};
		FCC6A728237F4B4500CA666F /* Release */ = {
			isa = XCBuildConfiguration;
			baseConfigurationReference = A7F0051C44CFFE2943A6AA26 /* Pods-parstagramTests.release.xcconfig */;
			buildSettings = {
				ALWAYS_EMBED_SWIFT_STANDARD_LIBRARIES = YES;
				BUNDLE_LOADER = "$(TEST_HOST)";
				CODE_SIGN_STYLE = Automatic;
				INFOPLIST_FILE = parstagramTests/Info.plist;
				IPHONEOS_DEPLOYMENT_TARGET = 13.2;
				LD_RUNPATH_SEARCH_PATHS = (
					"$(inherited)",
					"@executable_path/Frameworks",
					"@loader_path/Frameworks",
				);
				PRODUCT_BUNDLE_IDENTIFIER = com.sam.parstagramTests;
				PRODUCT_NAME = "$(TARGET_NAME)";
				SWIFT_VERSION = 5.0;
				TARGETED_DEVICE_FAMILY = "1,2";
				TEST_HOST = "$(BUILT_PRODUCTS_DIR)/parstagram.app/parstagram";
			};
			name = Release;
		};
		FCC6A72A237F4B4500CA666F /* Debug */ = {
			isa = XCBuildConfiguration;
			baseConfigurationReference = D7EF578A0E1B36D67C044357 /* Pods-parstagram-parstagramUITests.debug.xcconfig */;
			buildSettings = {
				ALWAYS_EMBED_SWIFT_STANDARD_LIBRARIES = YES;
				CODE_SIGN_STYLE = Automatic;
				INFOPLIST_FILE = parstagramUITests/Info.plist;
				LD_RUNPATH_SEARCH_PATHS = (
					"$(inherited)",
					"@executable_path/Frameworks",
					"@loader_path/Frameworks",
				);
				PRODUCT_BUNDLE_IDENTIFIER = com.sam.parstagramUITests;
				PRODUCT_NAME = "$(TARGET_NAME)";
				SWIFT_VERSION = 5.0;
				TARGETED_DEVICE_FAMILY = "1,2";
				TEST_TARGET_NAME = parstagram;
			};
			name = Debug;
		};
		FCC6A72B237F4B4500CA666F /* Release */ = {
			isa = XCBuildConfiguration;
			baseConfigurationReference = 8679A140ADE69465E26389E0 /* Pods-parstagram-parstagramUITests.release.xcconfig */;
			buildSettings = {
				ALWAYS_EMBED_SWIFT_STANDARD_LIBRARIES = YES;
				CODE_SIGN_STYLE = Automatic;
				INFOPLIST_FILE = parstagramUITests/Info.plist;
				LD_RUNPATH_SEARCH_PATHS = (
					"$(inherited)",
					"@executable_path/Frameworks",
					"@loader_path/Frameworks",
				);
				PRODUCT_BUNDLE_IDENTIFIER = com.sam.parstagramUITests;
				PRODUCT_NAME = "$(TARGET_NAME)";
				SWIFT_VERSION = 5.0;
				TARGETED_DEVICE_FAMILY = "1,2";
				TEST_TARGET_NAME = parstagram;
			};
			name = Release;
		};
/* End XCBuildConfiguration section */

/* Begin XCConfigurationList section */
		FCC6A6F4237F4B4200CA666F /* Build configuration list for PBXProject "parstagram" */ = {
			isa = XCConfigurationList;
			buildConfigurations = (
				FCC6A721237F4B4500CA666F /* Debug */,
				FCC6A722237F4B4500CA666F /* Release */,
			);
			defaultConfigurationIsVisible = 0;
			defaultConfigurationName = Release;
		};
		FCC6A723237F4B4500CA666F /* Build configuration list for PBXNativeTarget "parstagram" */ = {
			isa = XCConfigurationList;
			buildConfigurations = (
				FCC6A724237F4B4500CA666F /* Debug */,
				FCC6A725237F4B4500CA666F /* Release */,
			);
			defaultConfigurationIsVisible = 0;
			defaultConfigurationName = Release;
		};
		FCC6A726237F4B4500CA666F /* Build configuration list for PBXNativeTarget "parstagramTests" */ = {
			isa = XCConfigurationList;
			buildConfigurations = (
				FCC6A727237F4B4500CA666F /* Debug */,
				FCC6A728237F4B4500CA666F /* Release */,
			);
			defaultConfigurationIsVisible = 0;
			defaultConfigurationName = Release;
		};
		FCC6A729237F4B4500CA666F /* Build configuration list for PBXNativeTarget "parstagramUITests" */ = {
			isa = XCConfigurationList;
			buildConfigurations = (
				FCC6A72A237F4B4500CA666F /* Debug */,
				FCC6A72B237F4B4500CA666F /* Release */,
			);
			defaultConfigurationIsVisible = 0;
			defaultConfigurationName = Release;
		};
/* End XCConfigurationList section */
	};
	rootObject = FCC6A6F1237F4B4200CA666F /* Project object */;
}
